// !$*UTF8*$!
{
	archiveVersion = 1;
	classes = {
	};
	objectVersion = 46;
	objects = {

/* Begin PBXBuildFile section */
		7B29F3E81DD8D419008EA836 /* FruitServiceSpec.swift in Sources */ = {isa = PBXBuildFile; fileRef = 7B29F3E71DD8D419008EA836 /* FruitServiceSpec.swift */; };
		7B29F3EA1DD8D906008EA836 /* DeserializationError.swift in Sources */ = {isa = PBXBuildFile; fileRef = 7B29F3E91DD8D906008EA836 /* DeserializationError.swift */; };
		7B29F3EC1DD8D911008EA836 /* DeserializationErrorSpec.swift in Sources */ = {isa = PBXBuildFile; fileRef = 7B29F3EB1DD8D911008EA836 /* DeserializationErrorSpec.swift */; };
		7B29F3EE1DD8D944008EA836 /* FruitDeserializer.swift in Sources */ = {isa = PBXBuildFile; fileRef = 7B29F3ED1DD8D944008EA836 /* FruitDeserializer.swift */; };
		7B29F3F01DD8DF90008EA836 /* apple.png in Resources */ = {isa = PBXBuildFile; fileRef = 7B29F3EF1DD8DF90008EA836 /* apple.png */; };
		7B29F3F21DD8E21B008EA836 /* FruitDeserializerSpec.swift in Sources */ = {isa = PBXBuildFile; fileRef = 7B29F3F11DD8E21B008EA836 /* FruitDeserializerSpec.swift */; };
		7BA48F5E1DD77364008BDE19 /* AppDelegate.swift in Sources */ = {isa = PBXBuildFile; fileRef = 7BA48F5D1DD77364008BDE19 /* AppDelegate.swift */; };
		7BA48F651DD77364008BDE19 /* Assets.xcassets in Resources */ = {isa = PBXBuildFile; fileRef = 7BA48F641DD77364008BDE19 /* Assets.xcassets */; };
		7BA48F811DD77684008BDE19 /* Fleet.framework in Frameworks */ = {isa = PBXBuildFile; fileRef = 7BA48F7E1DD77684008BDE19 /* Fleet.framework */; };
		7BA48F821DD77684008BDE19 /* Nimble.framework in Frameworks */ = {isa = PBXBuildFile; fileRef = 7BA48F7F1DD77684008BDE19 /* Nimble.framework */; };
		7BA48F831DD77684008BDE19 /* Quick.framework in Frameworks */ = {isa = PBXBuildFile; fileRef = 7BA48F801DD77684008BDE19 /* Quick.framework */; };
		7BA48F931DD77D4F008BDE19 /* FruitViewControllerSpec.swift in Sources */ = {isa = PBXBuildFile; fileRef = 7BA48F921DD77D4F008BDE19 /* FruitViewControllerSpec.swift */; };
		7BA48F9C1DD77D90008BDE19 /* LaunchScreen.storyboard in Resources */ = {isa = PBXBuildFile; fileRef = 7BA48F9B1DD77D90008BDE19 /* LaunchScreen.storyboard */; };
		7BA48FA21DD77E6D008BDE19 /* HTTPClient.swift in Sources */ = {isa = PBXBuildFile; fileRef = 7BA48FA01DD77E6D008BDE19 /* HTTPClient.swift */; };
		7BA48FA31DD77E6D008BDE19 /* HTTPResponseInfo.swift in Sources */ = {isa = PBXBuildFile; fileRef = 7BA48FA11DD77E6D008BDE19 /* HTTPResponseInfo.swift */; };
		7BA48FA71DD77EC3008BDE19 /* HTTPClientSpec.swift in Sources */ = {isa = PBXBuildFile; fileRef = 7BA48FA51DD77EC3008BDE19 /* HTTPClientSpec.swift */; };
		7BA48FA81DD77EC3008BDE19 /* HTTPResponseInfoImplSpec.swift in Sources */ = {isa = PBXBuildFile; fileRef = 7BA48FA61DD77EC3008BDE19 /* HTTPResponseInfoImplSpec.swift */; };
		7BA48FAD1DD77FC3008BDE19 /* BasicError.swift in Sources */ = {isa = PBXBuildFile; fileRef = 7BA48FAB1DD77FC3008BDE19 /* BasicError.swift */; };
		7BA48FAE1DD77FC3008BDE19 /* OMGError.swift in Sources */ = {isa = PBXBuildFile; fileRef = 7BA48FAC1DD77FC3008BDE19 /* OMGError.swift */; };
		7BA48FB01DD77FCE008BDE19 /* BasicErrorSpec.swift in Sources */ = {isa = PBXBuildFile; fileRef = 7BA48FAF1DD77FCE008BDE19 /* BasicErrorSpec.swift */; };
		7BA48FB71DD78574008BDE19 /* Fruit.storyboard in Resources */ = {isa = PBXBuildFile; fileRef = 7BA48FB31DD78574008BDE19 /* Fruit.storyboard */; };
		7BA48FB81DD78574008BDE19 /* Fruit.swift in Sources */ = {isa = PBXBuildFile; fileRef = 7BA48FB41DD78574008BDE19 /* Fruit.swift */; };
		7BA48FB91DD78574008BDE19 /* FruitService.swift in Sources */ = {isa = PBXBuildFile; fileRef = 7BA48FB51DD78574008BDE19 /* FruitService.swift */; };
		7BA48FBA1DD78574008BDE19 /* FruitViewController.swift in Sources */ = {isa = PBXBuildFile; fileRef = 7BA48FB61DD78574008BDE19 /* FruitViewController.swift */; };
/* End PBXBuildFile section */

/* Begin PBXContainerItemProxy section */
		7BA48F781DD774BF008BDE19 /* PBXContainerItemProxy */ = {
			isa = PBXContainerItemProxy;
			containerPortal = 7BA48F521DD77364008BDE19 /* Project object */;
			proxyType = 1;
			remoteGlobalIDString = 7BA48F591DD77364008BDE19;
			remoteInfo = OMGFruit;
		};
/* End PBXContainerItemProxy section */

/* Begin PBXFileReference section */
		7B29F3E71DD8D419008EA836 /* FruitServiceSpec.swift */ = {isa = PBXFileReference; fileEncoding = 4; lastKnownFileType = sourcecode.swift; path = FruitServiceSpec.swift; sourceTree = "<group>"; };
		7B29F3E91DD8D906008EA836 /* DeserializationError.swift */ = {isa = PBXFileReference; fileEncoding = 4; lastKnownFileType = sourcecode.swift; path = DeserializationError.swift; sourceTree = "<group>"; };
		7B29F3EB1DD8D911008EA836 /* DeserializationErrorSpec.swift */ = {isa = PBXFileReference; fileEncoding = 4; lastKnownFileType = sourcecode.swift; path = DeserializationErrorSpec.swift; sourceTree = "<group>"; };
		7B29F3ED1DD8D944008EA836 /* FruitDeserializer.swift */ = {isa = PBXFileReference; fileEncoding = 4; lastKnownFileType = sourcecode.swift; path = FruitDeserializer.swift; sourceTree = "<group>"; };
		7B29F3EF1DD8DF90008EA836 /* apple.png */ = {isa = PBXFileReference; lastKnownFileType = image.png; path = apple.png; sourceTree = "<group>"; };
		7B29F3F11DD8E21B008EA836 /* FruitDeserializerSpec.swift */ = {isa = PBXFileReference; fileEncoding = 4; lastKnownFileType = sourcecode.swift; path = FruitDeserializerSpec.swift; sourceTree = "<group>"; };
		7BA48F5A1DD77364008BDE19 /* OMGFruit.app */ = {isa = PBXFileReference; explicitFileType = wrapper.application; includeInIndex = 0; path = OMGFruit.app; sourceTree = BUILT_PRODUCTS_DIR; };
		7BA48F5D1DD77364008BDE19 /* AppDelegate.swift */ = {isa = PBXFileReference; lastKnownFileType = sourcecode.swift; path = AppDelegate.swift; sourceTree = "<group>"; };
		7BA48F641DD77364008BDE19 /* Assets.xcassets */ = {isa = PBXFileReference; lastKnownFileType = folder.assetcatalog; path = Assets.xcassets; sourceTree = "<group>"; };
		7BA48F691DD77364008BDE19 /* Info.plist */ = {isa = PBXFileReference; lastKnownFileType = text.plist.xml; path = Info.plist; sourceTree = "<group>"; };
		7BA48F731DD774BF008BDE19 /* OMGFruitTests.xctest */ = {isa = PBXFileReference; explicitFileType = wrapper.cfbundle; includeInIndex = 0; path = OMGFruitTests.xctest; sourceTree = BUILT_PRODUCTS_DIR; };
		7BA48F771DD774BF008BDE19 /* Info.plist */ = {isa = PBXFileReference; lastKnownFileType = text.plist.xml; path = Info.plist; sourceTree = "<group>"; };
		7BA48F7E1DD77684008BDE19 /* Fleet.framework */ = {isa = PBXFileReference; lastKnownFileType = wrapper.framework; name = Fleet.framework; path = Carthage/Build/iOS/Fleet.framework; sourceTree = "<group>"; };
		7BA48F7F1DD77684008BDE19 /* Nimble.framework */ = {isa = PBXFileReference; lastKnownFileType = wrapper.framework; name = Nimble.framework; path = Carthage/Build/iOS/Nimble.framework; sourceTree = "<group>"; };
		7BA48F801DD77684008BDE19 /* Quick.framework */ = {isa = PBXFileReference; lastKnownFileType = wrapper.framework; name = Quick.framework; path = Carthage/Build/iOS/Quick.framework; sourceTree = "<group>"; };
		7BA48F921DD77D4F008BDE19 /* FruitViewControllerSpec.swift */ = {isa = PBXFileReference; fileEncoding = 4; lastKnownFileType = sourcecode.swift; path = FruitViewControllerSpec.swift; sourceTree = "<group>"; };
		7BA48F9B1DD77D90008BDE19 /* LaunchScreen.storyboard */ = {isa = PBXFileReference; fileEncoding = 4; lastKnownFileType = file.storyboard; path = LaunchScreen.storyboard; sourceTree = "<group>"; };
		7BA48FA01DD77E6D008BDE19 /* HTTPClient.swift */ = {isa = PBXFileReference; fileEncoding = 4; lastKnownFileType = sourcecode.swift; path = HTTPClient.swift; sourceTree = "<group>"; };
		7BA48FA11DD77E6D008BDE19 /* HTTPResponseInfo.swift */ = {isa = PBXFileReference; fileEncoding = 4; lastKnownFileType = sourcecode.swift; path = HTTPResponseInfo.swift; sourceTree = "<group>"; };
		7BA48FA51DD77EC3008BDE19 /* HTTPClientSpec.swift */ = {isa = PBXFileReference; fileEncoding = 4; lastKnownFileType = sourcecode.swift; path = HTTPClientSpec.swift; sourceTree = "<group>"; };
		7BA48FA61DD77EC3008BDE19 /* HTTPResponseInfoImplSpec.swift */ = {isa = PBXFileReference; fileEncoding = 4; lastKnownFileType = sourcecode.swift; path = HTTPResponseInfoImplSpec.swift; sourceTree = "<group>"; };
		7BA48FAB1DD77FC3008BDE19 /* BasicError.swift */ = {isa = PBXFileReference; fileEncoding = 4; lastKnownFileType = sourcecode.swift; path = BasicError.swift; sourceTree = "<group>"; };
		7BA48FAC1DD77FC3008BDE19 /* OMGError.swift */ = {isa = PBXFileReference; fileEncoding = 4; lastKnownFileType = sourcecode.swift; path = OMGError.swift; sourceTree = "<group>"; };
		7BA48FAF1DD77FCE008BDE19 /* BasicErrorSpec.swift */ = {isa = PBXFileReference; fileEncoding = 4; lastKnownFileType = sourcecode.swift; path = BasicErrorSpec.swift; sourceTree = "<group>"; };
		7BA48FB31DD78574008BDE19 /* Fruit.storyboard */ = {isa = PBXFileReference; fileEncoding = 4; lastKnownFileType = file.storyboard; path = Fruit.storyboard; sourceTree = "<group>"; };
		7BA48FB41DD78574008BDE19 /* Fruit.swift */ = {isa = PBXFileReference; fileEncoding = 4; lastKnownFileType = sourcecode.swift; path = Fruit.swift; sourceTree = "<group>"; };
		7BA48FB51DD78574008BDE19 /* FruitService.swift */ = {isa = PBXFileReference; fileEncoding = 4; lastKnownFileType = sourcecode.swift; path = FruitService.swift; sourceTree = "<group>"; };
		7BA48FB61DD78574008BDE19 /* FruitViewController.swift */ = {isa = PBXFileReference; fileEncoding = 4; lastKnownFileType = sourcecode.swift; path = FruitViewController.swift; sourceTree = "<group>"; };
/* End PBXFileReference section */

/* Begin PBXFrameworksBuildPhase section */
		7BA48F571DD77364008BDE19 /* Frameworks */ = {
			isa = PBXFrameworksBuildPhase;
			buildActionMask = 2147483647;
			files = (
			);
			runOnlyForDeploymentPostprocessing = 0;
		};
		7BA48F701DD774BF008BDE19 /* Frameworks */ = {
			isa = PBXFrameworksBuildPhase;
			buildActionMask = 2147483647;
			files = (
				7BA48F811DD77684008BDE19 /* Fleet.framework in Frameworks */,
				7BA48F821DD77684008BDE19 /* Nimble.framework in Frameworks */,
				7BA48F831DD77684008BDE19 /* Quick.framework in Frameworks */,
			);
			runOnlyForDeploymentPostprocessing = 0;
		};
/* End PBXFrameworksBuildPhase section */

/* Begin PBXGroup section */
		7BA48F511DD77364008BDE19 = {
			isa = PBXGroup;
			children = (
				7BA48F5C1DD77364008BDE19 /* OMGFruit */,
				7BA48F741DD774BF008BDE19 /* OMGFruitTests */,
				7BA48F5B1DD77364008BDE19 /* Products */,
				7BA48F7D1DD77684008BDE19 /* Frameworks */,
			);
			sourceTree = "<group>";
		};
		7BA48F5B1DD77364008BDE19 /* Products */ = {
			isa = PBXGroup;
			children = (
				7BA48F5A1DD77364008BDE19 /* OMGFruit.app */,
				7BA48F731DD774BF008BDE19 /* OMGFruitTests.xctest */,
			);
			name = Products;
			sourceTree = "<group>";
		};
		7BA48F5C1DD77364008BDE19 /* OMGFruit */ = {
			isa = PBXGroup;
			children = (
				7BA48F5D1DD77364008BDE19 /* AppDelegate.swift */,
				7BA48FA91DD77F9F008BDE19 /* Error */,
				7BA48F941DD77D53008BDE19 /* Fruit */,
				7BA48F9F1DD77E5D008BDE19 /* HTTP */,
				7BA48F9B1DD77D90008BDE19 /* LaunchScreen.storyboard */,
				7BA48F641DD77364008BDE19 /* Assets.xcassets */,
				7BA48F691DD77364008BDE19 /* Info.plist */,
			);
			path = OMGFruit;
			sourceTree = "<group>";
		};
		7BA48F741DD774BF008BDE19 /* OMGFruitTests */ = {
			isa = PBXGroup;
			children = (
				7BA48FBB1DD8CBA0008BDE19 /* TestImages */,
				7BA48FAA1DD77FAD008BDE19 /* Error */,
				7BA48F911DD77D43008BDE19 /* Fruit */,
				7BA48FA41DD77E73008BDE19 /* HTTP */,
				7BA48F771DD774BF008BDE19 /* Info.plist */,
			);
			path = OMGFruitTests;
			sourceTree = "<group>";
		};
		7BA48F7D1DD77684008BDE19 /* Frameworks */ = {
			isa = PBXGroup;
			children = (
				7BA48F7E1DD77684008BDE19 /* Fleet.framework */,
				7BA48F7F1DD77684008BDE19 /* Nimble.framework */,
				7BA48F801DD77684008BDE19 /* Quick.framework */,
			);
			name = Frameworks;
			sourceTree = "<group>";
		};
		7BA48F911DD77D43008BDE19 /* Fruit */ = {
			isa = PBXGroup;
			children = (
				7B29F3E71DD8D419008EA836 /* FruitServiceSpec.swift */,
				7BA48F921DD77D4F008BDE19 /* FruitViewControllerSpec.swift */,
				7B29F3F11DD8E21B008EA836 /* FruitDeserializerSpec.swift */,
			);
			path = Fruit;
			sourceTree = "<group>";
		};
		7BA48F941DD77D53008BDE19 /* Fruit */ = {
			isa = PBXGroup;
			children = (
				7BA48FB31DD78574008BDE19 /* Fruit.storyboard */,
				7BA48FB41DD78574008BDE19 /* Fruit.swift */,
				7B29F3ED1DD8D944008EA836 /* FruitDeserializer.swift */,
				7BA48FB51DD78574008BDE19 /* FruitService.swift */,
				7BA48FB61DD78574008BDE19 /* FruitViewController.swift */,
			);
			path = Fruit;
			sourceTree = "<group>";
		};
		7BA48F9F1DD77E5D008BDE19 /* HTTP */ = {
			isa = PBXGroup;
			children = (
				7BA48FA01DD77E6D008BDE19 /* HTTPClient.swift */,
				7BA48FA11DD77E6D008BDE19 /* HTTPResponseInfo.swift */,
			);
			path = HTTP;
			sourceTree = "<group>";
		};
		7BA48FA41DD77E73008BDE19 /* HTTP */ = {
			isa = PBXGroup;
			children = (
				7BA48FA51DD77EC3008BDE19 /* HTTPClientSpec.swift */,
				7BA48FA61DD77EC3008BDE19 /* HTTPResponseInfoImplSpec.swift */,
			);
			path = HTTP;
			sourceTree = "<group>";
		};
		7BA48FA91DD77F9F008BDE19 /* Error */ = {
			isa = PBXGroup;
			children = (
				7BA48FAB1DD77FC3008BDE19 /* BasicError.swift */,
				7B29F3E91DD8D906008EA836 /* DeserializationError.swift */,
				7BA48FAC1DD77FC3008BDE19 /* OMGError.swift */,
			);
			path = Error;
			sourceTree = "<group>";
		};
		7BA48FAA1DD77FAD008BDE19 /* Error */ = {
			isa = PBXGroup;
			children = (
				7BA48FAF1DD77FCE008BDE19 /* BasicErrorSpec.swift */,
				7B29F3EB1DD8D911008EA836 /* DeserializationErrorSpec.swift */,
			);
			path = Error;
			sourceTree = "<group>";
		};
		7BA48FBB1DD8CBA0008BDE19 /* TestImages */ = {
			isa = PBXGroup;
			children = (
				7B29F3EF1DD8DF90008EA836 /* apple.png */,
			);
			path = TestImages;
			sourceTree = "<group>";
		};
/* End PBXGroup section */

/* Begin PBXNativeTarget section */
		7BA48F591DD77364008BDE19 /* OMGFruit */ = {
			isa = PBXNativeTarget;
			buildConfigurationList = 7BA48F6C1DD77364008BDE19 /* Build configuration list for PBXNativeTarget "OMGFruit" */;
			buildPhases = (
				7BA48F561DD77364008BDE19 /* Sources */,
				7BA48F571DD77364008BDE19 /* Frameworks */,
				7BA48F581DD77364008BDE19 /* Resources */,
			);
			buildRules = (
			);
			dependencies = (
			);
			name = OMGFruit;
			productName = OMGFruit;
			productReference = 7BA48F5A1DD77364008BDE19 /* OMGFruit.app */;
			productType = "com.apple.product-type.application";
		};
		7BA48F721DD774BF008BDE19 /* OMGFruitTests */ = {
			isa = PBXNativeTarget;
			buildConfigurationList = 7BA48F7C1DD774BF008BDE19 /* Build configuration list for PBXNativeTarget "OMGFruitTests" */;
			buildPhases = (
				7BA48F6F1DD774BF008BDE19 /* Sources */,
				7BA48F701DD774BF008BDE19 /* Frameworks */,
				7BA48F711DD774BF008BDE19 /* Resources */,
				7BA48F851DD776C2008BDE19 /* Copy Carthage frameworks */,
				7BA48F861DD77720008BDE19 /* Create Storyboard info file */,
			);
			buildRules = (
			);
			dependencies = (
				7BA48F791DD774BF008BDE19 /* PBXTargetDependency */,
			);
			name = OMGFruitTests;
			productName = OMGFruitTests;
			productReference = 7BA48F731DD774BF008BDE19 /* OMGFruitTests.xctest */;
			productType = "com.apple.product-type.bundle.unit-test";
		};
/* End PBXNativeTarget section */

/* Begin PBXProject section */
		7BA48F521DD77364008BDE19 /* Project object */ = {
			isa = PBXProject;
			attributes = {
				LastSwiftUpdateCheck = 0810;
				LastUpgradeCheck = 0810;
				ORGANIZATIONNAME = jwfriese;
				TargetAttributes = {
					7BA48F591DD77364008BDE19 = {
						CreatedOnToolsVersion = 8.1;
						ProvisioningStyle = Automatic;
					};
					7BA48F721DD774BF008BDE19 = {
						CreatedOnToolsVersion = 8.1;
						LastSwiftMigration = 0810;
						ProvisioningStyle = Automatic;
						TestTargetID = 7BA48F591DD77364008BDE19;
					};
				};
			};
			buildConfigurationList = 7BA48F551DD77364008BDE19 /* Build configuration list for PBXProject "OMGFruit" */;
			compatibilityVersion = "Xcode 3.2";
			developmentRegion = English;
			hasScannedForEncodings = 0;
			knownRegions = (
				en,
				Base,
			);
			mainGroup = 7BA48F511DD77364008BDE19;
			productRefGroup = 7BA48F5B1DD77364008BDE19 /* Products */;
			projectDirPath = "";
			projectRoot = "";
			targets = (
				7BA48F591DD77364008BDE19 /* OMGFruit */,
				7BA48F721DD774BF008BDE19 /* OMGFruitTests */,
			);
		};
/* End PBXProject section */

/* Begin PBXResourcesBuildPhase section */
		7BA48F581DD77364008BDE19 /* Resources */ = {
			isa = PBXResourcesBuildPhase;
			buildActionMask = 2147483647;
			files = (
				7BA48F9C1DD77D90008BDE19 /* LaunchScreen.storyboard in Resources */,
				7BA48F651DD77364008BDE19 /* Assets.xcassets in Resources */,
				7BA48FB71DD78574008BDE19 /* Fruit.storyboard in Resources */,
			);
			runOnlyForDeploymentPostprocessing = 0;
		};
		7BA48F711DD774BF008BDE19 /* Resources */ = {
			isa = PBXResourcesBuildPhase;
			buildActionMask = 2147483647;
			files = (
				7B29F3F01DD8DF90008EA836 /* apple.png in Resources */,
			);
			runOnlyForDeploymentPostprocessing = 0;
		};
/* End PBXResourcesBuildPhase section */

/* Begin PBXShellScriptBuildPhase section */
		7BA48F851DD776C2008BDE19 /* Copy Carthage frameworks */ = {
			isa = PBXShellScriptBuildPhase;
			buildActionMask = 2147483647;
			files = (
			);
			inputPaths = (
				"$(SRCROOT)/Carthage/Build/iOS/Fleet.framework",
				"$(SRCROOT)/Carthage/Build/iOS/Nimble.framework",
				"$(SRCROOT)/Carthage/Build/iOS/Quick.framework",
			);
			name = "Copy Carthage frameworks";
			outputPaths = (
			);
			runOnlyForDeploymentPostprocessing = 0;
			shellPath = /bin/sh;
			shellScript = "/usr/local/bin/carthage copy-frameworks";
		};
		7BA48F861DD77720008BDE19 /* Create Storyboard info file */ = {
			isa = PBXShellScriptBuildPhase;
			buildActionMask = 2147483647;
			files = (
			);
			inputPaths = (
			);
			name = "Create Storyboard info file";
			outputPaths = (
			);
			runOnlyForDeploymentPostprocessing = 0;
			shellPath = /bin/sh;
			shellScript = $PROJECT_DIR/Carthage/Build/iOS/Fleet.framework/copy_storyboard_info_files.sh;
		};
/* End PBXShellScriptBuildPhase section */

/* Begin PBXSourcesBuildPhase section */
		7BA48F561DD77364008BDE19 /* Sources */ = {
			isa = PBXSourcesBuildPhase;
			buildActionMask = 2147483647;
			files = (
				7BA48FB91DD78574008BDE19 /* FruitService.swift in Sources */,
				7BA48FB81DD78574008BDE19 /* Fruit.swift in Sources */,
				7BA48FAE1DD77FC3008BDE19 /* OMGError.swift in Sources */,
				7B29F3EA1DD8D906008EA836 /* DeserializationError.swift in Sources */,
				7BA48FAD1DD77FC3008BDE19 /* BasicError.swift in Sources */,
				7BA48F5E1DD77364008BDE19 /* AppDelegate.swift in Sources */,
				7BA48FBA1DD78574008BDE19 /* FruitViewController.swift in Sources */,
				7B29F3EE1DD8D944008EA836 /* FruitDeserializer.swift in Sources */,
				7BA48FA31DD77E6D008BDE19 /* HTTPResponseInfo.swift in Sources */,
				7BA48FA21DD77E6D008BDE19 /* HTTPClient.swift in Sources */,
			);
			runOnlyForDeploymentPostprocessing = 0;
		};
		7BA48F6F1DD774BF008BDE19 /* Sources */ = {
			isa = PBXSourcesBuildPhase;
			buildActionMask = 2147483647;
			files = (
				7BA48FA81DD77EC3008BDE19 /* HTTPResponseInfoImplSpec.swift in Sources */,
				7B29F3EC1DD8D911008EA836 /* DeserializationErrorSpec.swift in Sources */,
				7BA48F931DD77D4F008BDE19 /* FruitViewControllerSpec.swift in Sources */,
				7BA48FB01DD77FCE008BDE19 /* BasicErrorSpec.swift in Sources */,
				7BA48FA71DD77EC3008BDE19 /* HTTPClientSpec.swift in Sources */,
				7B29F3E81DD8D419008EA836 /* FruitServiceSpec.swift in Sources */,
				7B29F3F21DD8E21B008EA836 /* FruitDeserializerSpec.swift in Sources */,
			);
			runOnlyForDeploymentPostprocessing = 0;
		};
/* End PBXSourcesBuildPhase section */

/* Begin PBXTargetDependency section */
		7BA48F791DD774BF008BDE19 /* PBXTargetDependency */ = {
			isa = PBXTargetDependency;
			target = 7BA48F591DD77364008BDE19 /* OMGFruit */;
			targetProxy = 7BA48F781DD774BF008BDE19 /* PBXContainerItemProxy */;
		};
/* End PBXTargetDependency section */

/* Begin XCBuildConfiguration section */
		7BA48F6A1DD77364008BDE19 /* Debug */ = {
			isa = XCBuildConfiguration;
			buildSettings = {
				ALWAYS_SEARCH_USER_PATHS = NO;
				CLANG_ANALYZER_NONNULL = YES;
				CLANG_CXX_LANGUAGE_STANDARD = "gnu++0x";
				CLANG_CXX_LIBRARY = "libc++";
				CLANG_ENABLE_MODULES = YES;
				CLANG_ENABLE_OBJC_ARC = YES;
				CLANG_WARN_BOOL_CONVERSION = YES;
				CLANG_WARN_CONSTANT_CONVERSION = YES;
				CLANG_WARN_DIRECT_OBJC_ISA_USAGE = YES_ERROR;
				CLANG_WARN_DOCUMENTATION_COMMENTS = YES;
				CLANG_WARN_EMPTY_BODY = YES;
				CLANG_WARN_ENUM_CONVERSION = YES;
				CLANG_WARN_INFINITE_RECURSION = YES;
				CLANG_WARN_INT_CONVERSION = YES;
				CLANG_WARN_OBJC_ROOT_CLASS = YES_ERROR;
				CLANG_WARN_SUSPICIOUS_MOVES = YES;
				CLANG_WARN_UNREACHABLE_CODE = YES;
				CLANG_WARN__DUPLICATE_METHOD_MATCH = YES;
				"CODE_SIGN_IDENTITY[sdk=iphoneos*]" = "iPhone Developer";
				COPY_PHASE_STRIP = NO;
				DEBUG_INFORMATION_FORMAT = dwarf;
				ENABLE_STRICT_OBJC_MSGSEND = YES;
				ENABLE_TESTABILITY = YES;
				GCC_C_LANGUAGE_STANDARD = gnu99;
				GCC_DYNAMIC_NO_PIC = NO;
				GCC_NO_COMMON_BLOCKS = YES;
				GCC_OPTIMIZATION_LEVEL = 0;
				GCC_PREPROCESSOR_DEFINITIONS = (
					"DEBUG=1",
					"$(inherited)",
				);
				GCC_WARN_64_TO_32_BIT_CONVERSION = YES;
				GCC_WARN_ABOUT_RETURN_TYPE = YES_ERROR;
				GCC_WARN_UNDECLARED_SELECTOR = YES;
				GCC_WARN_UNINITIALIZED_AUTOS = YES_AGGRESSIVE;
				GCC_WARN_UNUSED_FUNCTION = YES;
				GCC_WARN_UNUSED_VARIABLE = YES;
				IPHONEOS_DEPLOYMENT_TARGET = 9.0;
				MTL_ENABLE_DEBUG_INFO = YES;
				ONLY_ACTIVE_ARCH = YES;
				SDKROOT = iphoneos;
				SWIFT_ACTIVE_COMPILATION_CONDITIONS = DEBUG;
				SWIFT_OPTIMIZATION_LEVEL = "-Onone";
				TARGETED_DEVICE_FAMILY = "1,2";
			};
			name = Debug;
		};
		7BA48F6B1DD77364008BDE19 /* Release */ = {
			isa = XCBuildConfiguration;
			buildSettings = {
				ALWAYS_SEARCH_USER_PATHS = NO;
				CLANG_ANALYZER_NONNULL = YES;
				CLANG_CXX_LANGUAGE_STANDARD = "gnu++0x";
				CLANG_CXX_LIBRARY = "libc++";
				CLANG_ENABLE_MODULES = YES;
				CLANG_ENABLE_OBJC_ARC = YES;
				CLANG_WARN_BOOL_CONVERSION = YES;
				CLANG_WARN_CONSTANT_CONVERSION = YES;
				CLANG_WARN_DIRECT_OBJC_ISA_USAGE = YES_ERROR;
				CLANG_WARN_DOCUMENTATION_COMMENTS = YES;
				CLANG_WARN_EMPTY_BODY = YES;
				CLANG_WARN_ENUM_CONVERSION = YES;
				CLANG_WARN_INFINITE_RECURSION = YES;
				CLANG_WARN_INT_CONVERSION = YES;
				CLANG_WARN_OBJC_ROOT_CLASS = YES_ERROR;
				CLANG_WARN_SUSPICIOUS_MOVES = YES;
				CLANG_WARN_UNREACHABLE_CODE = YES;
				CLANG_WARN__DUPLICATE_METHOD_MATCH = YES;
				"CODE_SIGN_IDENTITY[sdk=iphoneos*]" = "iPhone Developer";
				COPY_PHASE_STRIP = NO;
				DEBUG_INFORMATION_FORMAT = "dwarf-with-dsym";
				ENABLE_NS_ASSERTIONS = NO;
				ENABLE_STRICT_OBJC_MSGSEND = YES;
				GCC_C_LANGUAGE_STANDARD = gnu99;
				GCC_NO_COMMON_BLOCKS = YES;
				GCC_WARN_64_TO_32_BIT_CONVERSION = YES;
				GCC_WARN_ABOUT_RETURN_TYPE = YES_ERROR;
				GCC_WARN_UNDECLARED_SELECTOR = YES;
				GCC_WARN_UNINITIALIZED_AUTOS = YES_AGGRESSIVE;
				GCC_WARN_UNUSED_FUNCTION = YES;
				GCC_WARN_UNUSED_VARIABLE = YES;
				IPHONEOS_DEPLOYMENT_TARGET = 9.0;
				MTL_ENABLE_DEBUG_INFO = NO;
				SDKROOT = iphoneos;
				SWIFT_OPTIMIZATION_LEVEL = "-Owholemodule";
				TARGETED_DEVICE_FAMILY = "1,2";
				VALIDATE_PRODUCT = YES;
			};
			name = Release;
		};
		7BA48F6D1DD77364008BDE19 /* Debug */ = {
			isa = XCBuildConfiguration;
			buildSettings = {
				ASSETCATALOG_COMPILER_APPICON_NAME = AppIcon;
				INFOPLIST_FILE = OMGFruit/Info.plist;
				LD_RUNPATH_SEARCH_PATHS = "$(inherited) @executable_path/Frameworks";
				PRODUCT_BUNDLE_IDENTIFIER = jwfriese.OMGFruit;
				PRODUCT_NAME = "$(TARGET_NAME)";
				SWIFT_VERSION = 3.0;
			};
			name = Debug;
		};
		7BA48F6E1DD77364008BDE19 /* Release */ = {
			isa = XCBuildConfiguration;
			buildSettings = {
				ASSETCATALOG_COMPILER_APPICON_NAME = AppIcon;
				INFOPLIST_FILE = OMGFruit/Info.plist;
				LD_RUNPATH_SEARCH_PATHS = "$(inherited) @executable_path/Frameworks";
				PRODUCT_BUNDLE_IDENTIFIER = jwfriese.OMGFruit;
				PRODUCT_NAME = "$(TARGET_NAME)";
				SWIFT_VERSION = 3.0;
			};
			name = Release;
		};
		7BA48F7A1DD774BF008BDE19 /* Debug */ = {
			isa = XCBuildConfiguration;
			buildSettings = {
				BUNDLE_LOADER = "$(TEST_HOST)";
				CLANG_ENABLE_MODULES = YES;
				FRAMEWORK_SEARCH_PATHS = (
					"$(inherited)",
					"$(PROJECT_DIR)/Carthage/Build/iOS",
				);
				INFOPLIST_FILE = OMGFruitTests/Info.plist;
				LD_RUNPATH_SEARCH_PATHS = "$(inherited) @executable_path/Frameworks @loader_path/Frameworks";
				PRODUCT_BUNDLE_IDENTIFIER = jwfriese.OMGFruitTests;
				PRODUCT_NAME = "$(TARGET_NAME)";
				SWIFT_OPTIMIZATION_LEVEL = "-Onone";
				SWIFT_VERSION = 3.0;
				TEST_HOST = "$(BUILT_PRODUCTS_DIR)/OMGFruit.app/OMGFruit";
			};
			name = Debug;
		};
		7BA48F7B1DD774BF008BDE19 /* Release */ = {
			isa = XCBuildConfiguration;
			buildSettings = {
				BUNDLE_LOADER = "$(TEST_HOST)";
				CLANG_ENABLE_MODULES = YES;
				FRAMEWORK_SEARCH_PATHS = (
					"$(inherited)",
					"$(PROJECT_DIR)/Carthage/Build/iOS",
				);
				INFOPLIST_FILE = OMGFruitTests/Info.plist;
				LD_RUNPATH_SEARCH_PATHS = "$(inherited) @executable_path/Frameworks @loader_path/Frameworks";
				PRODUCT_BUNDLE_IDENTIFIER = jwfriese.OMGFruitTests;
				PRODUCT_NAME = "$(TARGET_NAME)";
				SWIFT_VERSION = 3.0;
				TEST_HOST = "$(BUILT_PRODUCTS_DIR)/OMGFruit.app/OMGFruit";
			};
			name = Release;
		};
/* End XCBuildConfiguration section */

/* Begin XCConfigurationList section */
		7BA48F551DD77364008BDE19 /* Build configuration list for PBXProject "OMGFruit" */ = {
			isa = XCConfigurationList;
			buildConfigurations = (
				7BA48F6A1DD77364008BDE19 /* Debug */,
				7BA48F6B1DD77364008BDE19 /* Release */,
			);
			defaultConfigurationIsVisible = 0;
			defaultConfigurationName = Release;
		};
		7BA48F6C1DD77364008BDE19 /* Build configuration list for PBXNativeTarget "OMGFruit" */ = {
			isa = XCConfigurationList;
			buildConfigurations = (
				7BA48F6D1DD77364008BDE19 /* Debug */,
				7BA48F6E1DD77364008BDE19 /* Release */,
			);
			defaultConfigurationIsVisible = 0;
			defaultConfigurationName = Release;
		};
		7BA48F7C1DD774BF008BDE19 /* Build configuration list for PBXNativeTarget "OMGFruitTests" */ = {
			isa = XCConfigurationList;
			buildConfigurations = (
				7BA48F7A1DD774BF008BDE19 /* Debug */,
				7BA48F7B1DD774BF008BDE19 /* Release */,
			);
			defaultConfigurationIsVisible = 0;
			defaultConfigurationName = Release;
		};
/* End XCConfigurationList section */
	};
	rootObject = 7BA48F521DD77364008BDE19 /* Project object */;
}
